
Microsoft Visual Studio Solution File, Format Version 12.00
# Visual Studio Version 17
VisualStudioVersion = 17.9.34701.34
MinimumVisualStudioVersion = 10.0.40219.1
Project("{FAE04EC0-301F-11D3-BF4B-00C04F79EFBC}") = "PatronesDeDiseño", "PatronesDeDiseño\PatronesDeDiseño.csproj", "{E599306C-7648-4181-BFC0-34CAD012F403}"
EndProject
Project("{FAE04EC0-301F-11D3-BF4B-00C04F79EFBC}") = "Singleton", "Singleton\Singleton.csproj", "{E823E51C-4347-4AB4-98AC-3BF93E8A05FA}"
EndProject
Project("{FAE04EC0-301F-11D3-BF4B-00C04F79EFBC}") = "AbstractFactory", "AbstractFactory\AbstractFactory.csproj", "{9FC2AD33-98BB-4DBA-8358-344C6A060EC3}"
EndProject
Project("{FAE04EC0-301F-11D3-BF4B-00C04F79EFBC}") = "FactoryMethod", "FactoryMethod\FactoryMethod.csproj", "{1F038147-D5F9-4D82-8AD6-ABFC6887F42E}"
EndProject
Project("{FAE04EC0-301F-11D3-BF4B-00C04F79EFBC}") = "Observer", "Observer\Observer.csproj", "{C28202B1-09B0-419D-B936-BCCD2AE7E9D7}"
EndProject
Project("{FAE04EC0-301F-11D3-BF4B-00C04F79EFBC}") = "Mediator", "Mediator\Mediator.csproj", "{B363828D-E498-40EB-AEC9-B3320E72E92B}"
EndProject
Project("{FAE04EC0-301F-11D3-BF4B-00C04F79EFBC}") = "Memento", "Memento\Memento.csproj", "{A1246E8B-56F7-4F00-BF2B-1F3F11D42019}"
EndProject
Project("{FAE04EC0-301F-11D3-BF4B-00C04F79EFBC}") = "Adapter", "Adapter\Adapter.csproj", "{CCCF90DC-4A43-483A-ACFC-DD87C75205EE}"
EndProject
Project("{FAE04EC0-301F-11D3-BF4B-00C04F79EFBC}") = "Decorator", "Decorator\Decorator.csproj", "{6C8EFEA4-9D27-4012-944E-C6FAAB5536EA}"
EndProject
Project("{FAE04EC0-301F-11D3-BF4B-00C04F79EFBC}") = "Interpreter", "Interpreter\Interpreter.csproj", "{9DBE3E2A-B3CF-42EA-8B8C-0C7DA6E54FD0}"
EndProject
Project("{FAE04EC0-301F-11D3-BF4B-00C04F79EFBC}") = "Iterator", "Iterator\Iterator.csproj", "{ACDEB8A7-13B8-41B4-B962-B3F1785CF9A4}"
EndProject
Project("{FAE04EC0-301F-11D3-BF4B-00C04F79EFBC}") = "FlyWeight", "FlyWeight\FlyWeight.csproj", "{DDE1334A-46BB-43A4-92CD-F476327957A7}"
EndProject
Project("{FAE04EC0-301F-11D3-BF4B-00C04F79EFBC}") = "Facade", "Facade\Facade.csproj", "{7CE7212C-95A6-4AEB-9AF3-EA6107786E91}"
EndProject
Project("{FAE04EC0-301F-11D3-BF4B-00C04F79EFBC}") = "Proxy", "Proxy\Proxy.csproj", "{C23AA345-F5A7-45A3-AF2B-5F72F9A743D4}"
EndProject
Project("{FAE04EC0-301F-11D3-BF4B-00C04F79EFBC}") = "Prototype", "Prototype\Prototype.csproj", "{54512E80-E4B5-45EB-8E29-6DEBC947F82B}"
EndProject
Project("{FAE04EC0-301F-11D3-BF4B-00C04F79EFBC}") = "Bridge", "Bridge\Bridge.csproj", "{750BD399-1484-4DE7-8B7B-957580EC90D0}"
EndProject
Project("{FAE04EC0-301F-11D3-BF4B-00C04F79EFBC}") = "ChainOfResponsability", "ChainOfResponsability\ChainOfResponsability.csproj", "{C26AD29D-F196-4796-9F52-671C9695900D}"
EndProject
Project("{FAE04EC0-301F-11D3-BF4B-00C04F79EFBC}") = "Command", "Command\Command.csproj", "{6FB1C469-FF15-49F4-9D10-75A56A9A517A}"
EndProject
Project("{FAE04EC0-301F-11D3-BF4B-00C04F79EFBC}") = "State", "State\State.csproj", "{EB63F095-94C1-4D1C-833D-5F231A061C3A}"
EndProject
Project("{FAE04EC0-301F-11D3-BF4B-00C04F79EFBC}") = "Strategy", "Strategy\Strategy.csproj", "{FA38A5ED-B637-44E0-92CC-0407960A81F7}"
EndProject
Project("{FAE04EC0-301F-11D3-BF4B-00C04F79EFBC}") = "Visitor", "Visitor\Visitor.csproj", "{50F4F09D-29DD-41C7-9EEA-B9FF9CF8CF84}"
EndProject
Project("{FAE04EC0-301F-11D3-BF4B-00C04F79EFBC}") = "TemplateMethod", "TemplateMethod\TemplateMethod.csproj", "{ABD3CBA9-E384-47E6-AC15-65B91D3E7D79}"
EndProject
Project("{FAE04EC0-301F-11D3-BF4B-00C04F79EFBC}") = "Builder", "Builder\Builder.csproj", "{75A92B84-4800-44BD-9172-0EDDF4496DFC}"
EndProject
Global
	GlobalSection(SolutionConfigurationPlatforms) = preSolution
		Debug|Any CPU = Debug|Any CPU
		Release|Any CPU = Release|Any CPU
	EndGlobalSection
	GlobalSection(ProjectConfigurationPlatforms) = postSolution
		{E599306C-7648-4181-BFC0-34CAD012F403}.Debug|Any CPU.ActiveCfg = Debug|Any CPU
		{E599306C-7648-4181-BFC0-34CAD012F403}.Debug|Any CPU.Build.0 = Debug|Any CPU
		{E599306C-7648-4181-BFC0-34CAD012F403}.Release|Any CPU.ActiveCfg = Release|Any CPU
		{E599306C-7648-4181-BFC0-34CAD012F403}.Release|Any CPU.Build.0 = Release|Any CPU
		{E823E51C-4347-4AB4-98AC-3BF93E8A05FA}.Debug|Any CPU.ActiveCfg = Debug|Any CPU
		{E823E51C-4347-4AB4-98AC-3BF93E8A05FA}.Debug|Any CPU.Build.0 = Debug|Any CPU
		{E823E51C-4347-4AB4-98AC-3BF93E8A05FA}.Release|Any CPU.ActiveCfg = Release|Any CPU
		{E823E51C-4347-4AB4-98AC-3BF93E8A05FA}.Release|Any CPU.Build.0 = Release|Any CPU
		{9FC2AD33-98BB-4DBA-8358-344C6A060EC3}.Debug|Any CPU.ActiveCfg = Debug|Any CPU
		{9FC2AD33-98BB-4DBA-8358-344C6A060EC3}.Debug|Any CPU.Build.0 = Debug|Any CPU
		{9FC2AD33-98BB-4DBA-8358-344C6A060EC3}.Release|Any CPU.ActiveCfg = Release|Any CPU
		{9FC2AD33-98BB-4DBA-8358-344C6A060EC3}.Release|Any CPU.Build.0 = Release|Any CPU
		{1F038147-D5F9-4D82-8AD6-ABFC6887F42E}.Debug|Any CPU.ActiveCfg = Debug|Any CPU
		{1F038147-D5F9-4D82-8AD6-ABFC6887F42E}.Debug|Any CPU.Build.0 = Debug|Any CPU
		{1F038147-D5F9-4D82-8AD6-ABFC6887F42E}.Release|Any CPU.ActiveCfg = Release|Any CPU
		{1F038147-D5F9-4D82-8AD6-ABFC6887F42E}.Release|Any CPU.Build.0 = Release|Any CPU
		{C28202B1-09B0-419D-B936-BCCD2AE7E9D7}.Debug|Any CPU.ActiveCfg = Debug|Any CPU
		{C28202B1-09B0-419D-B936-BCCD2AE7E9D7}.Debug|Any CPU.Build.0 = Debug|Any CPU
		{C28202B1-09B0-419D-B936-BCCD2AE7E9D7}.Release|Any CPU.ActiveCfg = Release|Any CPU
		{C28202B1-09B0-419D-B936-BCCD2AE7E9D7}.Release|Any CPU.Build.0 = Release|Any CPU
		{B363828D-E498-40EB-AEC9-B3320E72E92B}.Debug|Any CPU.ActiveCfg = Debug|Any CPU
		{B363828D-E498-40EB-AEC9-B3320E72E92B}.Debug|Any CPU.Build.0 = Debug|Any CPU
		{B363828D-E498-40EB-AEC9-B3320E72E92B}.Release|Any CPU.ActiveCfg = Release|Any CPU
		{B363828D-E498-40EB-AEC9-B3320E72E92B}.Release|Any CPU.Build.0 = Release|Any CPU
		{A1246E8B-56F7-4F00-BF2B-1F3F11D42019}.Debug|Any CPU.ActiveCfg = Debug|Any CPU
		{A1246E8B-56F7-4F00-BF2B-1F3F11D42019}.Debug|Any CPU.Build.0 = Debug|Any CPU
		{A1246E8B-56F7-4F00-BF2B-1F3F11D42019}.Release|Any CPU.ActiveCfg = Release|Any CPU
		{A1246E8B-56F7-4F00-BF2B-1F3F11D42019}.Release|Any CPU.Build.0 = Release|Any CPU
		{CCCF90DC-4A43-483A-ACFC-DD87C75205EE}.Debug|Any CPU.ActiveCfg = Debug|Any CPU
		{CCCF90DC-4A43-483A-ACFC-DD87C75205EE}.Debug|Any CPU.Build.0 = Debug|Any CPU
		{CCCF90DC-4A43-483A-ACFC-DD87C75205EE}.Release|Any CPU.ActiveCfg = Release|Any CPU
		{CCCF90DC-4A43-483A-ACFC-DD87C75205EE}.Release|Any CPU.Build.0 = Release|Any CPU
		{6C8EFEA4-9D27-4012-944E-C6FAAB5536EA}.Debug|Any CPU.ActiveCfg = Debug|Any CPU
		{6C8EFEA4-9D27-4012-944E-C6FAAB5536EA}.Debug|Any CPU.Build.0 = Debug|Any CPU
		{6C8EFEA4-9D27-4012-944E-C6FAAB5536EA}.Release|Any CPU.ActiveCfg = Release|Any CPU
		{6C8EFEA4-9D27-4012-944E-C6FAAB5536EA}.Release|Any CPU.Build.0 = Release|Any CPU
		{9DBE3E2A-B3CF-42EA-8B8C-0C7DA6E54FD0}.Debug|Any CPU.ActiveCfg = Debug|Any CPU
		{9DBE3E2A-B3CF-42EA-8B8C-0C7DA6E54FD0}.Debug|Any CPU.Build.0 = Debug|Any CPU
		{9DBE3E2A-B3CF-42EA-8B8C-0C7DA6E54FD0}.Release|Any CPU.ActiveCfg = Release|Any CPU
		{9DBE3E2A-B3CF-42EA-8B8C-0C7DA6E54FD0}.Release|Any CPU.Build.0 = Release|Any CPU
		{ACDEB8A7-13B8-41B4-B962-B3F1785CF9A4}.Debug|Any CPU.ActiveCfg = Debug|Any CPU
		{ACDEB8A7-13B8-41B4-B962-B3F1785CF9A4}.Debug|Any CPU.Build.0 = Debug|Any CPU
		{ACDEB8A7-13B8-41B4-B962-B3F1785CF9A4}.Release|Any CPU.ActiveCfg = Release|Any CPU
		{ACDEB8A7-13B8-41B4-B962-B3F1785CF9A4}.Release|Any CPU.Build.0 = Release|Any CPU
		{DDE1334A-46BB-43A4-92CD-F476327957A7}.Debug|Any CPU.ActiveCfg = Debug|Any CPU
		{DDE1334A-46BB-43A4-92CD-F476327957A7}.Debug|Any CPU.Build.0 = Debug|Any CPU
		{DDE1334A-46BB-43A4-92CD-F476327957A7}.Release|Any CPU.ActiveCfg = Release|Any CPU
		{DDE1334A-46BB-43A4-92CD-F476327957A7}.Release|Any CPU.Build.0 = Release|Any CPU
		{7CE7212C-95A6-4AEB-9AF3-EA6107786E91}.Debug|Any CPU.ActiveCfg = Debug|Any CPU
		{7CE7212C-95A6-4AEB-9AF3-EA6107786E91}.Debug|Any CPU.Build.0 = Debug|Any CPU
		{7CE7212C-95A6-4AEB-9AF3-EA6107786E91}.Release|Any CPU.ActiveCfg = Release|Any CPU
		{7CE7212C-95A6-4AEB-9AF3-EA6107786E91}.Release|Any CPU.Build.0 = Release|Any CPU
		{C23AA345-F5A7-45A3-AF2B-5F72F9A743D4}.Debug|Any CPU.ActiveCfg = Debug|Any CPU
		{C23AA345-F5A7-45A3-AF2B-5F72F9A743D4}.Debug|Any CPU.Build.0 = Debug|Any CPU
		{C23AA345-F5A7-45A3-AF2B-5F72F9A743D4}.Release|Any CPU.ActiveCfg = Release|Any CPU
		{C23AA345-F5A7-45A3-AF2B-5F72F9A743D4}.Release|Any CPU.Build.0 = Release|Any CPU
		{54512E80-E4B5-45EB-8E29-6DEBC947F82B}.Debug|Any CPU.ActiveCfg = Debug|Any CPU
		{54512E80-E4B5-45EB-8E29-6DEBC947F82B}.Debug|Any CPU.Build.0 = Debug|Any CPU
		{54512E80-E4B5-45EB-8E29-6DEBC947F82B}.Release|Any CPU.ActiveCfg = Release|Any CPU
		{54512E80-E4B5-45EB-8E29-6DEBC947F82B}.Release|Any CPU.Build.0 = Release|Any CPU
		{750BD399-1484-4DE7-8B7B-957580EC90D0}.Debug|Any CPU.ActiveCfg = Debug|Any CPU
		{750BD399-1484-4DE7-8B7B-957580EC90D0}.Debug|Any CPU.Build.0 = Debug|Any CPU
		{750BD399-1484-4DE7-8B7B-957580EC90D0}.Release|Any CPU.ActiveCfg = Release|Any CPU
		{750BD399-1484-4DE7-8B7B-957580EC90D0}.Release|Any CPU.Build.0 = Release|Any CPU
		{C26AD29D-F196-4796-9F52-671C9695900D}.Debug|Any CPU.ActiveCfg = Debug|Any CPU
		{C26AD29D-F196-4796-9F52-671C9695900D}.Debug|Any CPU.Build.0 = Debug|Any CPU
		{C26AD29D-F196-4796-9F52-671C9695900D}.Release|Any CPU.ActiveCfg = Release|Any CPU
		{C26AD29D-F196-4796-9F52-671C9695900D}.Release|Any CPU.Build.0 = Release|Any CPU
		{6FB1C469-FF15-49F4-9D10-75A56A9A517A}.Debug|Any CPU.ActiveCfg = Debug|Any CPU
		{6FB1C469-FF15-49F4-9D10-75A56A9A517A}.Debug|Any CPU.Build.0 = Debug|Any CPU
		{6FB1C469-FF15-49F4-9D10-75A56A9A517A}.Release|Any CPU.ActiveCfg = Release|Any CPU
		{6FB1C469-FF15-49F4-9D10-75A56A9A517A}.Release|Any CPU.Build.0 = Release|Any CPU
		{EB63F095-94C1-4D1C-833D-5F231A061C3A}.Debug|Any CPU.ActiveCfg = Debug|Any CPU
		{EB63F095-94C1-4D1C-833D-5F231A061C3A}.Debug|Any CPU.Build.0 = Debug|Any CPU
		{EB63F095-94C1-4D1C-833D-5F231A061C3A}.Release|Any CPU.ActiveCfg = Release|Any CPU
		{EB63F095-94C1-4D1C-833D-5F231A061C3A}.Release|Any CPU.Build.0 = Release|Any CPU
		{FA38A5ED-B637-44E0-92CC-0407960A81F7}.Debug|Any CPU.ActiveCfg = Debug|Any CPU
		{FA38A5ED-B637-44E0-92CC-0407960A81F7}.Debug|Any CPU.Build.0 = Debug|Any CPU
		{FA38A5ED-B637-44E0-92CC-0407960A81F7}.Release|Any CPU.ActiveCfg = Release|Any CPU
		{FA38A5ED-B637-44E0-92CC-0407960A81F7}.Release|Any CPU.Build.0 = Release|Any CPU
		{50F4F09D-29DD-41C7-9EEA-B9FF9CF8CF84}.Debug|Any CPU.ActiveCfg = Debug|Any CPU
		{50F4F09D-29DD-41C7-9EEA-B9FF9CF8CF84}.Debug|Any CPU.Build.0 = Debug|Any CPU
		{50F4F09D-29DD-41C7-9EEA-B9FF9CF8CF84}.Release|Any CPU.ActiveCfg = Release|Any CPU
		{50F4F09D-29DD-41C7-9EEA-B9FF9CF8CF84}.Release|Any CPU.Build.0 = Release|Any CPU
		{ABD3CBA9-E384-47E6-AC15-65B91D3E7D79}.Debug|Any CPU.ActiveCfg = Debug|Any CPU
		{ABD3CBA9-E384-47E6-AC15-65B91D3E7D79}.Debug|Any CPU.Build.0 = Debug|Any CPU
		{ABD3CBA9-E384-47E6-AC15-65B91D3E7D79}.Release|Any CPU.ActiveCfg = Release|Any CPU
		{ABD3CBA9-E384-47E6-AC15-65B91D3E7D79}.Release|Any CPU.Build.0 = Release|Any CPU
		{75A92B84-4800-44BD-9172-0EDDF4496DFC}.Debug|Any CPU.ActiveCfg = Debug|Any CPU
		{75A92B84-4800-44BD-9172-0EDDF4496DFC}.Debug|Any CPU.Build.0 = Debug|Any CPU
		{75A92B84-4800-44BD-9172-0EDDF4496DFC}.Release|Any CPU.ActiveCfg = Release|Any CPU
		{75A92B84-4800-44BD-9172-0EDDF4496DFC}.Release|Any CPU.Build.0 = Release|Any CPU
	EndGlobalSection
	GlobalSection(SolutionProperties) = preSolution
		HideSolutionNode = FALSE
	EndGlobalSection
	GlobalSection(ExtensibilityGlobals) = postSolution
		SolutionGuid = {2A2CAFF8-0047-41F2-9C2D-FD2E060239F7}
	EndGlobalSection
EndGlobal
